
Microsoft Visual Studio Solution File, Format Version 12.00
# Visual Studio 15
VisualStudioVersion = 15.0.28010.2041
MinimumVisualStudioVersion = 10.0.40219.1
Project("{FAE04EC0-301F-11D3-BF4B-00C04F79EFBC}") = "GunManager", "GunManager\GunManager.csproj", "{B6CC56C2-F173-4F43-AECB-92174D054050}"
EndProject
Global
	GlobalSection(SolutionConfigurationPlatforms) = preSolution
		Debug|Any CPU = Debug|Any CPU
		Debug|x86 = Debug|x86
		Release|Any CPU = Release|Any CPU
		Release|x86 = Release|x86
	EndGlobalSection
	GlobalSection(ProjectConfigurationPlatforms) = postSolution
		{B6CC56C2-F173-4F43-AECB-92174D054050}.Debug|Any CPU.ActiveCfg = Debug|Any CPU
		{B6CC56C2-F173-4F43-AECB-92174D054050}.Debug|Any CPU.Build.0 = Debug|Any CPU
		{B6CC56C2-F173-4F43-AECB-92174D054050}.Debug|x86.ActiveCfg = Debug|x86
		{B6CC56C2-F173-4F43-AECB-92174D054050}.Debug|x86.Build.0 = Debug|x86
		{B6CC56C2-F173-4F43-AECB-92174D054050}.Release|Any CPU.ActiveCfg = Release|Any CPU
		{B6CC56C2-F173-4F43-AECB-92174D054050}.Release|Any CPU.Build.0 = Release|Any CPU
		{B6CC56C2-F173-4F43-AECB-92174D054050}.Release|x86.ActiveCfg = Release|x86
		{B6CC56C2-F173-4F43-AECB-92174D054050}.Release|x86.Build.0 = Release|x86
	EndGlobalSection
	GlobalSection(SolutionProperties) = preSolution
		HideSolutionNode = FALSE
	EndGlobalSection
	GlobalSection(ExtensibilityGlobals) = postSolution
		SolutionGuid = {EA9BB729-E82A-4472-8D90-7DDFFEF87487}
	EndGlobalSection
EndGlobal
